
Microsoft Visual Studio Solution File, Format Version 12.00
# Visual Studio 2015
Project("{FAE04EC0-301F-11D3-BF4B-00C04F79EFBC}") = "LandscapeTest", "LandscapeTest.csproj", "{4F09E87A-43A2-9DD1-EA51-1995CD6F65F9}"
EndProject
Project("{FAE04EC0-301F-11D3-BF4B-00C04F79EFBC}") = "LandscapeTest.Editor", "LandscapeTest.Editor.csproj", "{A0745E71-E8EA-B6DD-E8D4-65152F61BF6F}"
EndProject
Global
	GlobalSection(SolutionConfigurationPlatforms) = preSolution
		Debug|Any CPU = Debug|Any CPU
		Release|Any CPU = Release|Any CPU
	EndGlobalSection
	GlobalSection(ProjectConfigurationPlatforms) = postSolution
		{4F09E87A-43A2-9DD1-EA51-1995CD6F65F9}.Debug|Any CPU.ActiveCfg = Debug|Any CPU
		{4F09E87A-43A2-9DD1-EA51-1995CD6F65F9}.Debug|Any CPU.Build.0 = Debug|Any CPU
		{4F09E87A-43A2-9DD1-EA51-1995CD6F65F9}.Release|Any CPU.ActiveCfg = Release|Any CPU
		{4F09E87A-43A2-9DD1-EA51-1995CD6F65F9}.Release|Any CPU.Build.0 = Release|Any CPU
		{A0745E71-E8EA-B6DD-E8D4-65152F61BF6F}.Debug|Any CPU.ActiveCfg = Debug|Any CPU
		{A0745E71-E8EA-B6DD-E8D4-65152F61BF6F}.Debug|Any CPU.Build.0 = Debug|Any CPU
		{A0745E71-E8EA-B6DD-E8D4-65152F61BF6F}.Release|Any CPU.ActiveCfg = Release|Any CPU
		{A0745E71-E8EA-B6DD-E8D4-65152F61BF6F}.Release|Any CPU.Build.0 = Release|Any CPU
	EndGlobalSection
	GlobalSection(SolutionProperties) = preSolution
		HideSolutionNode = FALSE
	EndGlobalSection
EndGlobal
