
Microsoft Visual Studio Solution File, Format Version 11.00
# Visual Studio 2010
Project("{FAE04EC0-301F-11D3-BF4B-00C04F79EFBC}") = "VR6update", "Assembly-CSharp.csproj", "{476A679A-A68C-00EF-0165-4507227D54DA}"
EndProject
Project("{FAE04EC0-301F-11D3-BF4B-00C04F79EFBC}") = "VR6update", "Assembly-CSharp-Editor.csproj", "{993B35FE-D094-5336-4C69-B38258C2D6FD}"
EndProject
Global
	GlobalSection(SolutionConfigurationPlatforms) = preSolution
		Debug|Any CPU = Debug|Any CPU
		Release|Any CPU = Release|Any CPU
	EndGlobalSection
	GlobalSection(ProjectConfigurationPlatforms) = postSolution
		{476A679A-A68C-00EF-0165-4507227D54DA}.Debug|Any CPU.ActiveCfg = Debug|Any CPU
		{476A679A-A68C-00EF-0165-4507227D54DA}.Debug|Any CPU.Build.0 = Debug|Any CPU
		{476A679A-A68C-00EF-0165-4507227D54DA}.Release|Any CPU.ActiveCfg = Release|Any CPU
		{476A679A-A68C-00EF-0165-4507227D54DA}.Release|Any CPU.Build.0 = Release|Any CPU
		{993B35FE-D094-5336-4C69-B38258C2D6FD}.Debug|Any CPU.ActiveCfg = Debug|Any CPU
		{993B35FE-D094-5336-4C69-B38258C2D6FD}.Debug|Any CPU.Build.0 = Debug|Any CPU
		{993B35FE-D094-5336-4C69-B38258C2D6FD}.Release|Any CPU.ActiveCfg = Release|Any CPU
		{993B35FE-D094-5336-4C69-B38258C2D6FD}.Release|Any CPU.Build.0 = Release|Any CPU
	EndGlobalSection
	GlobalSection(SolutionProperties) = preSolution
		HideSolutionNode = FALSE
	EndGlobalSection
	GlobalSection(MonoDevelopProperties) = preSolution
		StartupItem = Assembly-CSharp.csproj
	EndGlobalSection
EndGlobal
